
Microsoft Visual Studio Solution File, Format Version 12.00
# Visual Studio 2012
Project("{FAE04EC0-301F-11D3-BF4B-00C04F79EFBC}") = "Ado.NET", "Ado.NET\Ado.NET.csproj", "{341BFC53-7DB4-4F1F-A1E9-F69C90E978DB}"
EndProject
Global
	GlobalSection(SolutionConfigurationPlatforms) = preSolution
		Debug|Any CPU = Debug|Any CPU
		Release|Any CPU = Release|Any CPU
	EndGlobalSection
	GlobalSection(ProjectConfigurationPlatforms) = postSolution
		{341BFC53-7DB4-4F1F-A1E9-F69C90E978DB}.Debug|Any CPU.ActiveCfg = Debug|Any CPU
		{341BFC53-7DB4-4F1F-A1E9-F69C90E978DB}.Debug|Any CPU.Build.0 = Debug|Any CPU
		{341BFC53-7DB4-4F1F-A1E9-F69C90E978DB}.Release|Any CPU.ActiveCfg = Release|Any CPU
		{341BFC53-7DB4-4F1F-A1E9-F69C90E978DB}.Release|Any CPU.Build.0 = Release|Any CPU
	EndGlobalSection
	GlobalSection(SolutionProperties) = preSolution
		HideSolutionNode = FALSE
	EndGlobalSection
EndGlobal
